
Microsoft Visual Studio Solution File, Format Version 12.00
# Visual Studio Version 17
VisualStudioVersion = 17.12.35521.163
MinimumVisualStudioVersion = 10.0.40219.1
Project("{FAE04EC0-301F-11D3-BF4B-00C04F79EFBC}") = "PPM.TestApp", "TestApp\PPM.TestApp.csproj", "{E0D81163-B89D-4BBC-AA33-2115C5353C76}"
EndProject
Project("{FAE04EC0-301F-11D3-BF4B-00C04F79EFBC}") = "Affinity_manager", "Affinity_manager\Affinity_manager.csproj", "{CCDACF48-3B6C-4DAC-A9AC-B32D536E1D41}"
EndProject
Project("{2150E333-8FDC-42A3-9474-1A3956D46DE8}") = "Solution Items", "Solution Items", "{B69F6662-E1F8-4D32-96B6-32853EC9E787}"
	ProjectSection(SolutionItems) = preProject
		.editorconfig = .editorconfig
		SolutionInfo.cs = SolutionInfo.cs
		tune.ico = tune.ico
	EndProjectSection
EndProject
Project("{B7DD6F7E-DEF8-4E67-B5B7-07EF123DB6F0}") = "Affinity_Manager_Installer", "Affinity_Manager_Installer\Affinity_Manager_Installer.wixproj", "{381D2FD8-630A-49DA-A88C-A75C95F76F4E}"
EndProject
Project("{B7DD6F7E-DEF8-4E67-B5B7-07EF123DB6F0}") = "PPM.InstallerBundle", "PPM.InstallerBundle\PPM.InstallerBundle.wixproj", "{D7A3C0A3-5742-41E6-B1DB-75DD6F0576EA}"
EndProject
Project("{FAE04EC0-301F-11D3-BF4B-00C04F79EFBC}") = "PPM.AffinityService", "PPM.AffinityService\PPM.AffinityService.csproj", "{990B7A8A-42D0-4419-8CAD-726B3F7CB2B2}"
EndProject
Global
	GlobalSection(SolutionConfigurationPlatforms) = preSolution
		Debug|x64 = Debug|x64
		Release|x64 = Release|x64
	EndGlobalSection
	GlobalSection(ProjectConfigurationPlatforms) = postSolution
		{E0D81163-B89D-4BBC-AA33-2115C5353C76}.Debug|x64.ActiveCfg = Debug|Any CPU
		{E0D81163-B89D-4BBC-AA33-2115C5353C76}.Debug|x64.Build.0 = Debug|Any CPU
		{E0D81163-B89D-4BBC-AA33-2115C5353C76}.Release|x64.ActiveCfg = Release|Any CPU
		{E0D81163-B89D-4BBC-AA33-2115C5353C76}.Release|x64.Build.0 = Release|Any CPU
		{CCDACF48-3B6C-4DAC-A9AC-B32D536E1D41}.Debug|x64.ActiveCfg = Debug|x64
		{CCDACF48-3B6C-4DAC-A9AC-B32D536E1D41}.Debug|x64.Build.0 = Debug|x64
		{CCDACF48-3B6C-4DAC-A9AC-B32D536E1D41}.Release|x64.ActiveCfg = Release|x64
		{CCDACF48-3B6C-4DAC-A9AC-B32D536E1D41}.Release|x64.Build.0 = Release|x64
		{381D2FD8-630A-49DA-A88C-A75C95F76F4E}.Debug|x64.ActiveCfg = Debug|x64
		{381D2FD8-630A-49DA-A88C-A75C95F76F4E}.Debug|x64.Build.0 = Debug|x64
		{381D2FD8-630A-49DA-A88C-A75C95F76F4E}.Release|x64.ActiveCfg = Release|x64
		{381D2FD8-630A-49DA-A88C-A75C95F76F4E}.Release|x64.Build.0 = Release|x64
		{D7A3C0A3-5742-41E6-B1DB-75DD6F0576EA}.Debug|x64.ActiveCfg = Debug|x64
		{D7A3C0A3-5742-41E6-B1DB-75DD6F0576EA}.Debug|x64.Build.0 = Debug|x64
		{D7A3C0A3-5742-41E6-B1DB-75DD6F0576EA}.Release|x64.ActiveCfg = Release|x64
		{D7A3C0A3-5742-41E6-B1DB-75DD6F0576EA}.Release|x64.Build.0 = Release|x64
		{990B7A8A-42D0-4419-8CAD-726B3F7CB2B2}.Debug|x64.ActiveCfg = Debug|Any CPU
		{990B7A8A-42D0-4419-8CAD-726B3F7CB2B2}.Debug|x64.Build.0 = Debug|Any CPU
		{990B7A8A-42D0-4419-8CAD-726B3F7CB2B2}.Release|x64.ActiveCfg = Release|Any CPU
		{990B7A8A-42D0-4419-8CAD-726B3F7CB2B2}.Release|x64.Build.0 = Release|Any CPU
	EndGlobalSection
	GlobalSection(SolutionProperties) = preSolution
		HideSolutionNode = FALSE
	EndGlobalSection
EndGlobal
